github.com/josharian/intern v1.0.0 h1:vlS4z54oSdjm0bgjRigI+G1HpF+tI+9rE5LLzOg8HmY=
github.com/josharian/intern v1.0.0/go.mod h1:5DoeVV0s6jJacbCEi61lwdGj/aVlrQvzHFFd8Hwg//Y=
github.com/mailru/easyjson v0.9.1 h1:LbtsOm5WAswyWbvTEOqhypdPeZzHavpZx96/n553mR8=
github.com/mailru/easyjson v0.9.1/go.mod h1:1+xMtQp2MRNVL/V1bOzuP3aP8VNwRW55fQUto+XFtTU=
go.osspkg.com/casecheck v0.3.0 h1:x15blEszElbrHrEH5H02JIIhGIg/lGZzIt1kQlD3pwM=
go.osspkg.com/casecheck v0.3.0/go.mod h1:TRFXDMFJEOtnlp3ET2Hix3osbxwPWhvaiT/HfD3+gBA=
go.osspkg.com/ioutils v0.7.3 h1:QF+Ra0bHoU3MGMGH5PGdV2lRLq1rWPdv/OB+v5UTjkI=
go.osspkg.com/ioutils v0.7.3/go.mod h1:RO/43IM//Wq8RnLvEzivDAuM37mnLW3eWxTCVmkUaY4=
go.osspkg.com/syncing v0.4.0 h1:9ytMfGHd6Ew69D2n/1syj0FTujNfb1KBiUSZ+KsMTqk=
go.osspkg.com/syncing v0.4.0/go.mod h1:/LBmgCAHFW6nQgVDILpEuo6eRCFK1yyFeNbDs4eVNls=
