github.com/josharian/intern v1.0.0 h1:vlS4z54oSdjm0bgjRigI+G1HpF+tI+9rE5LLzOg8HmY=
github.com/josharian/intern v1.0.0/go.mod h1:5DoeVV0s6jJacbCEi61lwdGj/aVlrQvzHFFd8Hwg//Y=
github.com/mailru/easyjson v0.9.2 h1:dX8U45hQsZpxd80nLvDGihsQ/OxlvTkVUXH2r/8cb2M=
github.com/mailru/easyjson v0.9.2/go.mod h1:1+xMtQp2MRNVL/V1bOzuP3aP8VNwRW55fQUto+XFtTU=
go.osspkg.com/bb v1.0.1 h1:AWyt2WUyHcyxbkAbiKHo69IPbm4Cvt9fWAcU0rpyRAs=
go.osspkg.com/bb v1.0.1/go.mod h1:bh7v2dIXJC0ge8BZLsh10EFRbJSLjXCmxq4IwSogc58=
go.osspkg.com/casecheck v0.3.1 h1:mxg1WaWy/tv7J05jvf5Idy3ydDYbac3gOOV9NPdjxvU=
go.osspkg.com/casecheck v0.3.1/go.mod h1:TRFXDMFJEOtnlp3ET2Hix3osbxwPWhvaiT/HfD3+gBA=
go.osspkg.com/ioutils v0.8.0 h1:19RQ2dEw+7uAjPC2FiIM/vqplocpVLD8FLVd1+bJRpE=
go.osspkg.com/ioutils v0.8.0/go.mod h1:afZbM1uMrtfqSJS8OdQgSKfwQm50nHcCAHBSOMZYArE=
go.osspkg.com/syncing v0.5.0 h1:mgrwnn6381GiLZsuAXGWKk3AnBdm9HbaYwPyBMPoa/k=
go.osspkg.com/syncing v0.5.0/go.mod h1:/LBmgCAHFW6nQgVDILpEuo6eRCFK1yyFeNbDs4eVNls=
